
Microsoft Visual Studio Solution File, Format Version 12.00
# Visual Studio 14
VisualStudioVersion = 14.0.25420.1
MinimumVisualStudioVersion = 10.0.40219.1
Project("{FAE04EC0-301F-11D3-BF4B-00C04F79EFBC}") = "Client", "Client\Client.csproj", "{90D80380-009F-456D-93F6-143AFCE9BB50}"
EndProject
Project("{FAE04EC0-301F-11D3-BF4B-00C04F79EFBC}") = "Server", "Server\Server.csproj", "{7348B1D0-B9DE-4C84-9467-0987D4EA4FE4}"
EndProject
Global
	GlobalSection(SolutionConfigurationPlatforms) = preSolution
		Debug|Any CPU = Debug|Any CPU
		Release|Any CPU = Release|Any CPU
	EndGlobalSection
	GlobalSection(ProjectConfigurationPlatforms) = postSolution
		{90D80380-009F-456D-93F6-143AFCE9BB50}.Debug|Any CPU.ActiveCfg = Debug|Any CPU
		{90D80380-009F-456D-93F6-143AFCE9BB50}.Debug|Any CPU.Build.0 = Debug|Any CPU
		{90D80380-009F-456D-93F6-143AFCE9BB50}.Release|Any CPU.ActiveCfg = Release|Any CPU
		{90D80380-009F-456D-93F6-143AFCE9BB50}.Release|Any CPU.Build.0 = Release|Any CPU
		{7348B1D0-B9DE-4C84-9467-0987D4EA4FE4}.Debug|Any CPU.ActiveCfg = Debug|Any CPU
		{7348B1D0-B9DE-4C84-9467-0987D4EA4FE4}.Debug|Any CPU.Build.0 = Debug|Any CPU
		{7348B1D0-B9DE-4C84-9467-0987D4EA4FE4}.Release|Any CPU.ActiveCfg = Release|Any CPU
		{7348B1D0-B9DE-4C84-9467-0987D4EA4FE4}.Release|Any CPU.Build.0 = Release|Any CPU
	EndGlobalSection
	GlobalSection(SolutionProperties) = preSolution
		HideSolutionNode = FALSE
	EndGlobalSection
EndGlobal
